# generated by rye
# use `rye lock` or `rye sync` to update this lockfile
#
# last locked with the following flags:
#   pre: false
#   features: []
#   all-features: false
#   with-sources: false
#   generate-hashes: false
#   universal: false

-e file:.
anyio==4.7.0
    # via starlette
asttokens==3.0.0
    # via icecream
certifi==2024.12.14
    # via requests
charset-normalizer==3.4.0
    # via requests
click==8.1.7
    # via marimo
    # via uvicorn
colorama==0.4.6
    # via click
    # via icecream
    # via tqdm
contourpy==1.3.1
    # via matplotlib
cycler==0.12.1
    # via matplotlib
decorator==5.1.1
    # via obspy
docutils==0.21.2
    # via marimo
executing==2.1.0
    # via icecream
fonttools==4.55.3
    # via matplotlib
greenlet==3.1.1
    # via sqlalchemy
h11==0.14.0
    # via uvicorn
icecream==2.1.3
    # via seispy
idna==3.10
    # via anyio
    # via requests
itsdangerous==2.2.0
    # via marimo
jedi==0.19.2
    # via marimo
kiwisolver==1.4.7
    # via matplotlib
lxml==5.3.0
    # via obspy
marimo==0.10.6
    # via seispy
markdown==3.7
    # via marimo
    # via pymdown-extensions
matplotlib==3.10.0
    # via obspy
narwhals==1.18.4
    # via marimo
numpy==1.26.4
    # via contourpy
    # via matplotlib
    # via obspy
    # via scipy
    # via seispy
obspy==1.4.1
    # via seispy
packaging==24.2
    # via marimo
    # via matplotlib
parso==0.8.4
    # via jedi
pillow==11.0.0
    # via matplotlib
psutil==6.1.0
    # via marimo
pygments==2.18.0
    # via icecream
    # via marimo
pymdown-extensions==10.12
    # via marimo
pyparsing==3.2.0
    # via matplotlib
python-dateutil==2.9.0.post0
    # via matplotlib
pyyaml==6.0.2
    # via marimo
    # via pymdown-extensions
requests==2.32.3
    # via obspy
ruff==0.8.3
    # via marimo
scipy==1.14.1
    # via obspy
setuptools==75.6.0
    # via obspy
six==1.17.0
    # via python-dateutil
sniffio==1.3.1
    # via anyio
sqlalchemy==1.4.54
    # via obspy
starlette==0.42.0
    # via marimo
tomlkit==0.13.2
    # via marimo
tqdm==4.67.1
    # via seispy
typing-extensions==4.12.2
    # via anyio
urllib3==2.3.0
    # via requests
uvicorn==0.34.0
    # via marimo
websockets==14.1
    # via marimo
